
Microsoft Visual Studio Solution File, Format Version 12.00
# Visual Studio 15
VisualStudioVersion = 15.0.28010.2041
MinimumVisualStudioVersion = 10.0.40219.1
Project("{888888A0-9F3D-457C-B088-3A5042F75D52}") = "plugin.video.vrt.nu", "plugin.video.vrt.nu.pyproj", "{C9805436-4A6F-4778-90E4-9748983D158D}"
EndProject
Global
	GlobalSection(SolutionConfigurationPlatforms) = preSolution
		Debug|Any CPU = Debug|Any CPU
		Release|Any CPU = Release|Any CPU
	EndGlobalSection
	GlobalSection(ProjectConfigurationPlatforms) = postSolution
		{C9805436-4A6F-4778-90E4-9748983D158D}.Debug|Any CPU.ActiveCfg = Debug|Any CPU
		{C9805436-4A6F-4778-90E4-9748983D158D}.Release|Any CPU.ActiveCfg = Release|Any CPU
	EndGlobalSection
	GlobalSection(SolutionProperties) = preSolution
		HideSolutionNode = FALSE
	EndGlobalSection
	GlobalSection(ExtensibilityGlobals) = postSolution
		SolutionGuid = {2B2FC069-A5B1-4DEF-A4FC-2FC7C7E39833}
	EndGlobalSection
EndGlobal
