
Microsoft Visual Studio Solution File, Format Version 12.00
# Visual Studio 15
VisualStudioVersion = 15.0.28010.2041
MinimumVisualStudioVersion = 10.0.40219.1
Project("{2150E333-8FDC-42A3-9474-1A3956D46DE8}") = "Solution Items", "Solution Items", "{BF5547FA-9EE7-49D1-939B-16875A027CE6}"
	ProjectSection(SolutionItems) = preProject
		.gitignore = .gitignore
		.github\ISSUE_TEMPLATE\bug_report.md = .github\ISSUE_TEMPLATE\bug_report.md
		LICENSE = LICENSE
		README.md = README.md
	EndProjectSection
EndProject
Project("{888888A0-9F3D-457C-B088-3A5042F75D52}") = "plugin.video.vrt.nu.pyproj", "plugin.video.vrt.nu.pyproj", "{0360D216-8FEA-4853-AEF8-EBD17CD8B763}"
EndProject
Global
	GlobalSection(SolutionConfigurationPlatforms) = preSolution
		Debug|Any CPU = Debug|Any CPU
		Release|Any CPU = Release|Any CPU
	EndGlobalSection
	GlobalSection(ProjectConfigurationPlatforms) = postSolution
		{0360D216-8FEA-4853-AEF8-EBD17CD8B763}.Debug|Any CPU.ActiveCfg = Debug|Any CPU
		{0360D216-8FEA-4853-AEF8-EBD17CD8B763}.Release|Any CPU.ActiveCfg = Release|Any CPU
		{0400C90D-4756-4811-8AF1-CB921F0A83E9}.Debug|Any CPU.ActiveCfg = Debug|Any CPU
		{0400C90D-4756-4811-8AF1-CB921F0A83E9}.Debug|Any CPU.Build.0 = Debug|Any CPU
		{0400C90D-4756-4811-8AF1-CB921F0A83E9}.Release|Any CPU.ActiveCfg = Release|Any CPU
		{0400C90D-4756-4811-8AF1-CB921F0A83E9}.Release|Any CPU.Build.0 = Release|Any CPU
	EndGlobalSection
	GlobalSection(SolutionProperties) = preSolution
		HideSolutionNode = FALSE
	EndGlobalSection
	GlobalSection(ExtensibilityGlobals) = postSolution
		SolutionGuid = {2B2FC069-A5B1-4DEF-A4FC-2FC7C7E39833}
	EndGlobalSection
EndGlobal
